// !$*UTF8*$!
{
	archiveVersion = 1;
	classes = {
	};
	objectVersion = 77;
	objects = {

/* Begin PBXBuildFile section */
		1329663F2D4CE7E000E95827 /* SwiftCarousel in Frameworks */ = {isa = PBXBuildFile; productRef = 1329663E2D4CE7E000E95827 /* SwiftCarousel */; };
/* End PBXBuildFile section */

/* Begin PBXContainerItemProxy section */
		132966192D4CE39400E95827 /* PBXContainerItemProxy */ = {
			isa = PBXContainerItemProxy;
			containerPortal = 132966002D4CE39300E95827 /* Project object */;
			proxyType = 1;
			remoteGlobalIDString = 132966072D4CE39300E95827;
			remoteInfo = SwiftCarouselDemo;
		};
		132966232D4CE39400E95827 /* PBXContainerItemProxy */ = {
			isa = PBXContainerItemProxy;
			containerPortal = 132966002D4CE39300E95827 /* Project object */;
			proxyType = 1;
			remoteGlobalIDString = 132966072D4CE39300E95827;
			remoteInfo = SwiftCarouselDemo;
		};
/* End PBXContainerItemProxy section */

/* Begin PBXFileReference section */
		132966082D4CE39300E95827 /* SwiftCarouselDemo.app */ = {isa = PBXFileReference; explicitFileType = wrapper.application; includeInIndex = 0; path = SwiftCarouselDemo.app; sourceTree = BUILT_PRODUCTS_DIR; };
		132966182D4CE39400E95827 /* SwiftCarouselDemoTests.xctest */ = {isa = PBXFileReference; explicitFileType = wrapper.cfbundle; includeInIndex = 0; path = SwiftCarouselDemoTests.xctest; sourceTree = BUILT_PRODUCTS_DIR; };
		132966222D4CE39400E95827 /* SwiftCarouselDemoUITests.xctest */ = {isa = PBXFileReference; explicitFileType = wrapper.cfbundle; includeInIndex = 0; path = SwiftCarouselDemoUITests.xctest; sourceTree = BUILT_PRODUCTS_DIR; };
/* End PBXFileReference section */

/* Begin PBXFileSystemSynchronizedRootGroup section */
		1329660A2D4CE39300E95827 /* SwiftCarouselDemo */ = {
			isa = PBXFileSystemSynchronizedRootGroup;
			path = SwiftCarouselDemo;
			sourceTree = "<group>";
		};
		1329661B2D4CE39400E95827 /* SwiftCarouselDemoTests */ = {
			isa = PBXFileSystemSynchronizedRootGroup;
			path = SwiftCarouselDemoTests;
			sourceTree = "<group>";
		};
		132966252D4CE39400E95827 /* SwiftCarouselDemoUITests */ = {
			isa = PBXFileSystemSynchronizedRootGroup;
			path = SwiftCarouselDemoUITests;
			sourceTree = "<group>";
		};
/* End PBXFileSystemSynchronizedRootGroup section */

/* Begin PBXFrameworksBuildPhase section */
		132966052D4CE39300E95827 /* Frameworks */ = {
			isa = PBXFrameworksBuildPhase;
			buildActionMask = 2147483647;
			files = (
				1329663F2D4CE7E000E95827 /* SwiftCarousel in Frameworks */,
			);
			runOnlyForDeploymentPostprocessing = 0;
		};
		132966152D4CE39400E95827 /* Frameworks */ = {
			isa = PBXFrameworksBuildPhase;
			buildActionMask = 2147483647;
			files = (
			);
			runOnlyForDeploymentPostprocessing = 0;
		};
		1329661F2D4CE39400E95827 /* Frameworks */ = {
			isa = PBXFrameworksBuildPhase;
			buildActionMask = 2147483647;
			files = (
			);
			runOnlyForDeploymentPostprocessing = 0;
		};
/* End PBXFrameworksBuildPhase section */

/* Begin PBXGroup section */
		132965FF2D4CE39300E95827 = {
			isa = PBXGroup;
			children = (
				1329660A2D4CE39300E95827 /* SwiftCarouselDemo */,
				1329661B2D4CE39400E95827 /* SwiftCarouselDemoTests */,
				132966252D4CE39400E95827 /* SwiftCarouselDemoUITests */,
				132966092D4CE39300E95827 /* Products */,
			);
			sourceTree = "<group>";
		};
		132966092D4CE39300E95827 /* Products */ = {
			isa = PBXGroup;
			children = (
				132966082D4CE39300E95827 /* SwiftCarouselDemo.app */,
				132966182D4CE39400E95827 /* SwiftCarouselDemoTests.xctest */,
				132966222D4CE39400E95827 /* SwiftCarouselDemoUITests.xctest */,
			);
			name = Products;
			sourceTree = "<group>";
		};
/* End PBXGroup section */

/* Begin PBXNativeTarget section */
		132966072D4CE39300E95827 /* SwiftCarouselDemo */ = {
			isa = PBXNativeTarget;
			buildConfigurationList = 1329662C2D4CE39400E95827 /* Build configuration list for PBXNativeTarget "SwiftCarouselDemo" */;
			buildPhases = (
				132966042D4CE39300E95827 /* Sources */,
				132966052D4CE39300E95827 /* Frameworks */,
				132966062D4CE39300E95827 /* Resources */,
			);
			buildRules = (
			);
			dependencies = (
			);
			fileSystemSynchronizedGroups = (
				1329660A2D4CE39300E95827 /* SwiftCarouselDemo */,
			);
			name = SwiftCarouselDemo;
			packageProductDependencies = (
				1329663E2D4CE7E000E95827 /* SwiftCarousel */,
			);
			productName = SwiftCarouselDemo;
			productReference = 132966082D4CE39300E95827 /* SwiftCarouselDemo.app */;
			productType = "com.apple.product-type.application";
		};
		132966172D4CE39400E95827 /* SwiftCarouselDemoTests */ = {
			isa = PBXNativeTarget;
			buildConfigurationList = 1329662F2D4CE39400E95827 /* Build configuration list for PBXNativeTarget "SwiftCarouselDemoTests" */;
			buildPhases = (
				132966142D4CE39400E95827 /* Sources */,
				132966152D4CE39400E95827 /* Frameworks */,
				132966162D4CE39400E95827 /* Resources */,
			);
			buildRules = (
			);
			dependencies = (
				1329661A2D4CE39400E95827 /* PBXTargetDependency */,
			);
			fileSystemSynchronizedGroups = (
				1329661B2D4CE39400E95827 /* SwiftCarouselDemoTests */,
			);
			name = SwiftCarouselDemoTests;
			packageProductDependencies = (
			);
			productName = SwiftCarouselDemoTests;
			productReference = 132966182D4CE39400E95827 /* SwiftCarouselDemoTests.xctest */;
			productType = "com.apple.product-type.bundle.unit-test";
		};
		132966212D4CE39400E95827 /* SwiftCarouselDemoUITests */ = {
			isa = PBXNativeTarget;
			buildConfigurationList = 132966322D4CE39400E95827 /* Build configuration list for PBXNativeTarget "SwiftCarouselDemoUITests" */;
			buildPhases = (
				1329661E2D4CE39400E95827 /* Sources */,
				1329661F2D4CE39400E95827 /* Frameworks */,
				132966202D4CE39400E95827 /* Resources */,
			);
			buildRules = (
			);
			dependencies = (
				132966242D4CE39400E95827 /* PBXTargetDependency */,
			);
			fileSystemSynchronizedGroups = (
				132966252D4CE39400E95827 /* SwiftCarouselDemoUITests */,
			);
			name = SwiftCarouselDemoUITests;
			packageProductDependencies = (
			);
			productName = SwiftCarouselDemoUITests;
			productReference = 132966222D4CE39400E95827 /* SwiftCarouselDemoUITests.xctest */;
			productType = "com.apple.product-type.bundle.ui-testing";
		};
/* End PBXNativeTarget section */

/* Begin PBXProject section */
		132966002D4CE39300E95827 /* Project object */ = {
			isa = PBXProject;
			attributes = {
				BuildIndependentTargetsInParallel = 1;
				LastSwiftUpdateCheck = 1620;
				LastUpgradeCheck = 1620;
				TargetAttributes = {
					132966072D4CE39300E95827 = {
						CreatedOnToolsVersion = 16.2;
					};
					132966172D4CE39400E95827 = {
						CreatedOnToolsVersion = 16.2;
						TestTargetID = 132966072D4CE39300E95827;
					};
					132966212D4CE39400E95827 = {
						CreatedOnToolsVersion = 16.2;
						TestTargetID = 132966072D4CE39300E95827;
					};
				};
			};
			buildConfigurationList = 132966032D4CE39300E95827 /* Build configuration list for PBXProject "SwiftCarouselDemo" */;
			developmentRegion = en;
			hasScannedForEncodings = 0;
			knownRegions = (
				en,
				Base,
			);
			mainGroup = 132965FF2D4CE39300E95827;
			minimizedProjectReferenceProxies = 1;
			packageReferences = (
				1329663D2D4CE7E000E95827 /* XCLocalSwiftPackageReference "../../../SwiftCarousel" */,
			);
			preferredProjectObjectVersion = 77;
			productRefGroup = 132966092D4CE39300E95827 /* Products */;
			projectDirPath = "";
			projectRoot = "";
			targets = (
				132966072D4CE39300E95827 /* SwiftCarouselDemo */,
				132966172D4CE39400E95827 /* SwiftCarouselDemoTests */,
				132966212D4CE39400E95827 /* SwiftCarouselDemoUITests */,
			);
		};
/* End PBXProject section */

/* Begin PBXResourcesBuildPhase section */
		132966062D4CE39300E95827 /* Resources */ = {
			isa = PBXResourcesBuildPhase;
			buildActionMask = 2147483647;
			files = (
			);
			runOnlyForDeploymentPostprocessing = 0;
		};
		132966162D4CE39400E95827 /* Resources */ = {
			isa = PBXResourcesBuildPhase;
			buildActionMask = 2147483647;
			files = (
			);
			runOnlyForDeploymentPostprocessing = 0;
		};
		132966202D4CE39400E95827 /* Resources */ = {
			isa = PBXResourcesBuildPhase;
			buildActionMask = 2147483647;
			files = (
			);
			runOnlyForDeploymentPostprocessing = 0;
		};
/* End PBXResourcesBuildPhase section */

/* Begin PBXSourcesBuildPhase section */
		132966042D4CE39300E95827 /* Sources */ = {
			isa = PBXSourcesBuildPhase;
			buildActionMask = 2147483647;
			files = (
			);
			runOnlyForDeploymentPostprocessing = 0;
		};
		132966142D4CE39400E95827 /* Sources */ = {
			isa = PBXSourcesBuildPhase;
			buildActionMask = 2147483647;
			files = (
			);
			runOnlyForDeploymentPostprocessing = 0;
		};
		1329661E2D4CE39400E95827 /* Sources */ = {
			isa = PBXSourcesBuildPhase;
			buildActionMask = 2147483647;
			files = (
			);
			runOnlyForDeploymentPostprocessing = 0;
		};
/* End PBXSourcesBuildPhase section */

/* Begin PBXTargetDependency section */
		1329661A2D4CE39400E95827 /* PBXTargetDependency */ = {
			isa = PBXTargetDependency;
			target = 132966072D4CE39300E95827 /* SwiftCarouselDemo */;
			targetProxy = 132966192D4CE39400E95827 /* PBXContainerItemProxy */;
		};
		132966242D4CE39400E95827 /* PBXTargetDependency */ = {
			isa = PBXTargetDependency;
			target = 132966072D4CE39300E95827 /* SwiftCarouselDemo */;
			targetProxy = 132966232D4CE39400E95827 /* PBXContainerItemProxy */;
		};
/* End PBXTargetDependency section */

/* Begin XCBuildConfiguration section */
		1329662A2D4CE39400E95827 /* Debug */ = {
			isa = XCBuildConfiguration;
			buildSettings = {
				ALWAYS_SEARCH_USER_PATHS = NO;
				ASSETCATALOG_COMPILER_GENERATE_SWIFT_ASSET_SYMBOL_EXTENSIONS = YES;
				CLANG_ANALYZER_NONNULL = YES;
				CLANG_ANALYZER_NUMBER_OBJECT_CONVERSION = YES_AGGRESSIVE;
				CLANG_CXX_LANGUAGE_STANDARD = "gnu++20";
				CLANG_ENABLE_MODULES = YES;
				CLANG_ENABLE_OBJC_ARC = YES;
				CLANG_ENABLE_OBJC_WEAK = YES;
				CLANG_WARN_BLOCK_CAPTURE_AUTORELEASING = YES;
				CLANG_WARN_BOOL_CONVERSION = YES;
				CLANG_WARN_COMMA = YES;
				CLANG_WARN_CONSTANT_CONVERSION = YES;
				CLANG_WARN_DEPRECATED_OBJC_IMPLEMENTATIONS = YES;
				CLANG_WARN_DIRECT_OBJC_ISA_USAGE = YES_ERROR;
				CLANG_WARN_DOCUMENTATION_COMMENTS = YES;
				CLANG_WARN_EMPTY_BODY = YES;
				CLANG_WARN_ENUM_CONVERSION = YES;
				CLANG_WARN_INFINITE_RECURSION = YES;
				CLANG_WARN_INT_CONVERSION = YES;
				CLANG_WARN_NON_LITERAL_NULL_CONVERSION = YES;
				CLANG_WARN_OBJC_IMPLICIT_RETAIN_SELF = YES;
				CLANG_WARN_OBJC_LITERAL_CONVERSION = YES;
				CLANG_WARN_OBJC_ROOT_CLASS = YES_ERROR;
				CLANG_WARN_QUOTED_INCLUDE_IN_FRAMEWORK_HEADER = YES;
				CLANG_WARN_RANGE_LOOP_ANALYSIS = YES;
				CLANG_WARN_STRICT_PROTOTYPES = YES;
				CLANG_WARN_SUSPICIOUS_MOVE = YES;
				CLANG_WARN_UNGUARDED_AVAILABILITY = YES_AGGRESSIVE;
				CLANG_WARN_UNREACHABLE_CODE = YES;
				CLANG_WARN__DUPLICATE_METHOD_MATCH = YES;
				COPY_PHASE_STRIP = NO;
				DEBUG_INFORMATION_FORMAT = dwarf;
				ENABLE_STRICT_OBJC_MSGSEND = YES;
				ENABLE_TESTABILITY = YES;
				ENABLE_USER_SCRIPT_SANDBOXING = YES;
				GCC_C_LANGUAGE_STANDARD = gnu17;
				GCC_DYNAMIC_NO_PIC = NO;
				GCC_NO_COMMON_BLOCKS = YES;
				GCC_OPTIMIZATION_LEVEL = 0;
				GCC_PREPROCESSOR_DEFINITIONS = (
					"DEBUG=1",
					"$(inherited)",
				);
				GCC_WARN_64_TO_32_BIT_CONVERSION = YES;
				GCC_WARN_ABOUT_RETURN_TYPE = YES_ERROR;
				GCC_WARN_UNDECLARED_SELECTOR = YES;
				GCC_WARN_UNINITIALIZED_AUTOS = YES_AGGRESSIVE;
				GCC_WARN_UNUSED_FUNCTION = YES;
				GCC_WARN_UNUSED_VARIABLE = YES;
				IPHONEOS_DEPLOYMENT_TARGET = 18.2;
				LOCALIZATION_PREFERS_STRING_CATALOGS = YES;
				MTL_ENABLE_DEBUG_INFO = INCLUDE_SOURCE;
				MTL_FAST_MATH = YES;
				ONLY_ACTIVE_ARCH = YES;
				SDKROOT = iphoneos;
				SWIFT_ACTIVE_COMPILATION_CONDITIONS = "DEBUG $(inherited)";
				SWIFT_OPTIMIZATION_LEVEL = "-Onone";
			};
			name = Debug;
		};
		1329662B2D4CE39400E95827 /* Release */ = {
			isa = XCBuildConfiguration;
			buildSettings = {
				ALWAYS_SEARCH_USER_PATHS = NO;
				ASSETCATALOG_COMPILER_GENERATE_SWIFT_ASSET_SYMBOL_EXTENSIONS = YES;
				CLANG_ANALYZER_NONNULL = YES;
				CLANG_ANALYZER_NUMBER_OBJECT_CONVERSION = YES_AGGRESSIVE;
				CLANG_CXX_LANGUAGE_STANDARD = "gnu++20";
				CLANG_ENABLE_MODULES = YES;
				CLANG_ENABLE_OBJC_ARC = YES;
				CLANG_ENABLE_OBJC_WEAK = YES;
				CLANG_WARN_BLOCK_CAPTURE_AUTORELEASING = YES;
				CLANG_WARN_BOOL_CONVERSION = YES;
				CLANG_WARN_COMMA = YES;
				CLANG_WARN_CONSTANT_CONVERSION = YES;
				CLANG_WARN_DEPRECATED_OBJC_IMPLEMENTATIONS = YES;
				CLANG_WARN_DIRECT_OBJC_ISA_USAGE = YES_ERROR;
				CLANG_WARN_DOCUMENTATION_COMMENTS = YES;
				CLANG_WARN_EMPTY_BODY = YES;
				CLANG_WARN_ENUM_CONVERSION = YES;
				CLANG_WARN_INFINITE_RECURSION = YES;
				CLANG_WARN_INT_CONVERSION = YES;
				CLANG_WARN_NON_LITERAL_NULL_CONVERSION = YES;
				CLANG_WARN_OBJC_IMPLICIT_RETAIN_SELF = YES;
				CLANG_WARN_OBJC_LITERAL_CONVERSION = YES;
				CLANG_WARN_OBJC_ROOT_CLASS = YES_ERROR;
				CLANG_WARN_QUOTED_INCLUDE_IN_FRAMEWORK_HEADER = YES;
				CLANG_WARN_RANGE_LOOP_ANALYSIS = YES;
				CLANG_WARN_STRICT_PROTOTYPES = YES;
				CLANG_WARN_SUSPICIOUS_MOVE = YES;
				CLANG_WARN_UNGUARDED_AVAILABILITY = YES_AGGRESSIVE;
				CLANG_WARN_UNREACHABLE_CODE = YES;
				CLANG_WARN__DUPLICATE_METHOD_MATCH = YES;
				COPY_PHASE_STRIP = NO;
				DEBUG_INFORMATION_FORMAT = "dwarf-with-dsym";
				ENABLE_NS_ASSERTIONS = NO;
				ENABLE_STRICT_OBJC_MSGSEND = YES;
				ENABLE_USER_SCRIPT_SANDBOXING = YES;
				GCC_C_LANGUAGE_STANDARD = gnu17;
				GCC_NO_COMMON_BLOCKS = YES;
				GCC_WARN_64_TO_32_BIT_CONVERSION = YES;
				GCC_WARN_ABOUT_RETURN_TYPE = YES_ERROR;
				GCC_WARN_UNDECLARED_SELECTOR = YES;
				GCC_WARN_UNINITIALIZED_AUTOS = YES_AGGRESSIVE;
				GCC_WARN_UNUSED_FUNCTION = YES;
				GCC_WARN_UNUSED_VARIABLE = YES;
				IPHONEOS_DEPLOYMENT_TARGET = 18.2;
				LOCALIZATION_PREFERS_STRING_CATALOGS = YES;
				MTL_ENABLE_DEBUG_INFO = NO;
				MTL_FAST_MATH = YES;
				SDKROOT = iphoneos;
				SWIFT_COMPILATION_MODE = wholemodule;
				VALIDATE_PRODUCT = YES;
			};
			name = Release;
		};
		1329662D2D4CE39400E95827 /* Debug */ = {
			isa = XCBuildConfiguration;
			buildSettings = {
				ASSETCATALOG_COMPILER_APPICON_NAME = AppIcon;
				ASSETCATALOG_COMPILER_GLOBAL_ACCENT_COLOR_NAME = AccentColor;
				CODE_SIGN_STYLE = Automatic;
				CURRENT_PROJECT_VERSION = 1;
				DEVELOPMENT_ASSET_PATHS = "\"SwiftCarouselDemo/Preview Content\"";
				ENABLE_PREVIEWS = YES;
				GENERATE_INFOPLIST_FILE = YES;
				INFOPLIST_KEY_UIApplicationSceneManifest_Generation = YES;
				INFOPLIST_KEY_UIApplicationSupportsIndirectInputEvents = YES;
				INFOPLIST_KEY_UILaunchScreen_Generation = YES;
				INFOPLIST_KEY_UISupportedInterfaceOrientations_iPad = "UIInterfaceOrientationPortrait UIInterfaceOrientationPortraitUpsideDown UIInterfaceOrientationLandscapeLeft UIInterfaceOrientationLandscapeRight";
				INFOPLIST_KEY_UISupportedInterfaceOrientations_iPhone = "UIInterfaceOrientationPortrait UIInterfaceOrientationLandscapeLeft UIInterfaceOrientationLandscapeRight";
				LD_RUNPATH_SEARCH_PATHS = (
					"$(inherited)",
					"@executable_path/Frameworks",
				);
				MARKETING_VERSION = 1.0;
				PRODUCT_BUNDLE_IDENTIFIER = ganesh.SwiftCarouselDemo;
				PRODUCT_NAME = "$(TARGET_NAME)";
				SWIFT_EMIT_LOC_STRINGS = YES;
				SWIFT_VERSION = 5.0;
				TARGETED_DEVICE_FAMILY = "1,2";
			};
			name = Debug;
		};
		1329662E2D4CE39400E95827 /* Release */ = {
			isa = XCBuildConfiguration;
			buildSettings = {
				ASSETCATALOG_COMPILER_APPICON_NAME = AppIcon;
				ASSETCATALOG_COMPILER_GLOBAL_ACCENT_COLOR_NAME = AccentColor;
				CODE_SIGN_STYLE = Automatic;
				CURRENT_PROJECT_VERSION = 1;
				DEVELOPMENT_ASSET_PATHS = "\"SwiftCarouselDemo/Preview Content\"";
				ENABLE_PREVIEWS = YES;
				GENERATE_INFOPLIST_FILE = YES;
				INFOPLIST_KEY_UIApplicationSceneManifest_Generation = YES;
				INFOPLIST_KEY_UIApplicationSupportsIndirectInputEvents = YES;
				INFOPLIST_KEY_UILaunchScreen_Generation = YES;
				INFOPLIST_KEY_UISupportedInterfaceOrientations_iPad = "UIInterfaceOrientationPortrait UIInterfaceOrientationPortraitUpsideDown UIInterfaceOrientationLandscapeLeft UIInterfaceOrientationLandscapeRight";
				INFOPLIST_KEY_UISupportedInterfaceOrientations_iPhone = "UIInterfaceOrientationPortrait UIInterfaceOrientationLandscapeLeft UIInterfaceOrientationLandscapeRight";
				LD_RUNPATH_SEARCH_PATHS = (
					"$(inherited)",
					"@executable_path/Frameworks",
				);
				MARKETING_VERSION = 1.0;
				PRODUCT_BUNDLE_IDENTIFIER = ganesh.SwiftCarouselDemo;
				PRODUCT_NAME = "$(TARGET_NAME)";
				SWIFT_EMIT_LOC_STRINGS = YES;
				SWIFT_VERSION = 5.0;
				TARGETED_DEVICE_FAMILY = "1,2";
			};
			name = Release;
		};
		132966302D4CE39400E95827 /* Debug */ = {
			isa = XCBuildConfiguration;
			buildSettings = {
				BUNDLE_LOADER = "$(TEST_HOST)";
				CODE_SIGN_STYLE = Automatic;
				CURRENT_PROJECT_VERSION = 1;
				GENERATE_INFOPLIST_FILE = YES;
				IPHONEOS_DEPLOYMENT_TARGET = 18.2;
				MARKETING_VERSION = 1.0;
				PRODUCT_BUNDLE_IDENTIFIER = ganesh.SwiftCarouselDemoTests;
				PRODUCT_NAME = "$(TARGET_NAME)";
				SWIFT_EMIT_LOC_STRINGS = NO;
				SWIFT_VERSION = 5.0;
				TARGETED_DEVICE_FAMILY = "1,2";
				TEST_HOST = "$(BUILT_PRODUCTS_DIR)/SwiftCarouselDemo.app/$(BUNDLE_EXECUTABLE_FOLDER_PATH)/SwiftCarouselDemo";
			};
			name = Debug;
		};
		132966312D4CE39400E95827 /* Release */ = {
			isa = XCBuildConfiguration;
			buildSettings = {
				BUNDLE_LOADER = "$(TEST_HOST)";
				CODE_SIGN_STYLE = Automatic;
				CURRENT_PROJECT_VERSION = 1;
				GENERATE_INFOPLIST_FILE = YES;
				IPHONEOS_DEPLOYMENT_TARGET = 18.2;
				MARKETING_VERSION = 1.0;
				PRODUCT_BUNDLE_IDENTIFIER = ganesh.SwiftCarouselDemoTests;
				PRODUCT_NAME = "$(TARGET_NAME)";
				SWIFT_EMIT_LOC_STRINGS = NO;
				SWIFT_VERSION = 5.0;
				TARGETED_DEVICE_FAMILY = "1,2";
				TEST_HOST = "$(BUILT_PRODUCTS_DIR)/SwiftCarouselDemo.app/$(BUNDLE_EXECUTABLE_FOLDER_PATH)/SwiftCarouselDemo";
			};
			name = Release;
		};
		132966332D4CE39400E95827 /* Debug */ = {
			isa = XCBuildConfiguration;
			buildSettings = {
				CODE_SIGN_STYLE = Automatic;
				CURRENT_PROJECT_VERSION = 1;
				GENERATE_INFOPLIST_FILE = YES;
				MARKETING_VERSION = 1.0;
				PRODUCT_BUNDLE_IDENTIFIER = ganesh.SwiftCarouselDemoUITests;
				PRODUCT_NAME = "$(TARGET_NAME)";
				SWIFT_EMIT_LOC_STRINGS = NO;
				SWIFT_VERSION = 5.0;
				TARGETED_DEVICE_FAMILY = "1,2";
				TEST_TARGET_NAME = SwiftCarouselDemo;
			};
			name = Debug;
		};
		132966342D4CE39400E95827 /* Release */ = {
			isa = XCBuildConfiguration;
			buildSettings = {
				CODE_SIGN_STYLE = Automatic;
				CURRENT_PROJECT_VERSION = 1;
				GENERATE_INFOPLIST_FILE = YES;
				MARKETING_VERSION = 1.0;
				PRODUCT_BUNDLE_IDENTIFIER = ganesh.SwiftCarouselDemoUITests;
				PRODUCT_NAME = "$(TARGET_NAME)";
				SWIFT_EMIT_LOC_STRINGS = NO;
				SWIFT_VERSION = 5.0;
				TARGETED_DEVICE_FAMILY = "1,2";
				TEST_TARGET_NAME = SwiftCarouselDemo;
			};
			name = Release;
		};
/* End XCBuildConfiguration section */

/* Begin XCConfigurationList section */
		132966032D4CE39300E95827 /* Build configuration list for PBXProject "SwiftCarouselDemo" */ = {
			isa = XCConfigurationList;
			buildConfigurations = (
				1329662A2D4CE39400E95827 /* Debug */,
				1329662B2D4CE39400E95827 /* Release */,
			);
			defaultConfigurationIsVisible = 0;
			defaultConfigurationName = Release;
		};
		1329662C2D4CE39400E95827 /* Build configuration list for PBXNativeTarget "SwiftCarouselDemo" */ = {
			isa = XCConfigurationList;
			buildConfigurations = (
				1329662D2D4CE39400E95827 /* Debug */,
				1329662E2D4CE39400E95827 /* Release */,
			);
			defaultConfigurationIsVisible = 0;
			defaultConfigurationName = Release;
		};
		1329662F2D4CE39400E95827 /* Build configuration list for PBXNativeTarget "SwiftCarouselDemoTests" */ = {
			isa = XCConfigurationList;
			buildConfigurations = (
				132966302D4CE39400E95827 /* Debug */,
				132966312D4CE39400E95827 /* Release */,
			);
			defaultConfigurationIsVisible = 0;
			defaultConfigurationName = Release;
		};
		132966322D4CE39400E95827 /* Build configuration list for PBXNativeTarget "SwiftCarouselDemoUITests" */ = {
			isa = XCConfigurationList;
			buildConfigurations = (
				132966332D4CE39400E95827 /* Debug */,
				132966342D4CE39400E95827 /* Release */,
			);
			defaultConfigurationIsVisible = 0;
			defaultConfigurationName = Release;
		};
/* End XCConfigurationList section */

/* Begin XCLocalSwiftPackageReference section */
		1329663D2D4CE7E000E95827 /* XCLocalSwiftPackageReference "../../../SwiftCarousel" */ = {
			isa = XCLocalSwiftPackageReference;
			relativePath = ../../../SwiftCarousel;
		};
/* End XCLocalSwiftPackageReference section */

/* Begin XCSwiftPackageProductDependency section */
		1329663E2D4CE7E000E95827 /* SwiftCarousel */ = {
			isa = XCSwiftPackageProductDependency;
			productName = SwiftCarousel;
		};
/* End XCSwiftPackageProductDependency section */
	};
	rootObject = 132966002D4CE39300E95827 /* Project object */;
}
